// !$*UTF8*$!
{
	archiveVersion = 1;
	classes = {
	};
	objectVersion = 51;
	objects = {

/* Begin PBXBuildFile section */
		1B1E0AF37D7DD0774BB3CCEA /* Pods_RealtimeChatAndTinderClone.framework in Frameworks */ = {isa = PBXBuildFile; fileRef = FA5F90EB2FE574D47F0ECA85 /* Pods_RealtimeChatAndTinderClone.framework */; };
		220376952413CC7800AFED19 /* GoogleService-Info.plist in Resources */ = {isa = PBXBuildFile; fileRef = 220376942413CC7800AFED19 /* GoogleService-Info.plist */; };
		220F2A8724137C9C0021B9EC /* AppDelegate.swift in Sources */ = {isa = PBXBuildFile; fileRef = 220F2A8624137C9C0021B9EC /* AppDelegate.swift */; };
		220F2A8924137C9C0021B9EC /* SceneDelegate.swift in Sources */ = {isa = PBXBuildFile; fileRef = 220F2A8824137C9C0021B9EC /* SceneDelegate.swift */; };
		220F2A8B24137C9C0021B9EC /* ViewController.swift in Sources */ = {isa = PBXBuildFile; fileRef = 220F2A8A24137C9C0021B9EC /* ViewController.swift */; };
		220F2A9024137C9E0021B9EC /* Assets.xcassets in Resources */ = {isa = PBXBuildFile; fileRef = 220F2A8F24137C9E0021B9EC /* Assets.xcassets */; };
		220F2A9324137C9E0021B9EC /* LaunchScreen.storyboard in Resources */ = {isa = PBXBuildFile; fileRef = 220F2A9124137C9E0021B9EC /* LaunchScreen.storyboard */; };
		2222C8782413E197000BB764 /* Authentication.swift in Sources */ = {isa = PBXBuildFile; fileRef = 2222C8772413E197000BB764 /* Authentication.swift */; };
		2222C87A2413E83C000BB764 /* FireBaseDBManager.swift in Sources */ = {isa = PBXBuildFile; fileRef = 2222C8792413E83C000BB764 /* FireBaseDBManager.swift */; };
		22CD6E9F2413965800F164F8 /* SignupViewController.swift in Sources */ = {isa = PBXBuildFile; fileRef = 22CD6E9E2413965800F164F8 /* SignupViewController.swift */; };
		22CD6EA12413B58200F164F8 /* SignInViewController.swift in Sources */ = {isa = PBXBuildFile; fileRef = 22CD6EA02413B58200F164F8 /* SignInViewController.swift */; };
		22CD6EA32413BAC600F164F8 /* ForgotPasswordViewController.swift in Sources */ = {isa = PBXBuildFile; fileRef = 22CD6EA22413BAC600F164F8 /* ForgotPasswordViewController.swift */; };
		22DA370A2416663F004AAE47 /* FireBaseStorage.swift in Sources */ = {isa = PBXBuildFile; fileRef = 22DA37092416663F004AAE47 /* FireBaseStorage.swift */; };
/* End PBXBuildFile section */

/* Begin PBXFileReference section */
		220376942413CC7800AFED19 /* GoogleService-Info.plist */ = {isa = PBXFileReference; lastKnownFileType = text.plist; path = "GoogleService-Info.plist"; sourceTree = SOURCE_ROOT; };
		220F2A8324137C9C0021B9EC /* RealtimeChatAndTinderClone.app */ = {isa = PBXFileReference; explicitFileType = wrapper.application; includeInIndex = 0; path = RealtimeChatAndTinderClone.app; sourceTree = BUILT_PRODUCTS_DIR; };
		220F2A8624137C9C0021B9EC /* AppDelegate.swift */ = {isa = PBXFileReference; lastKnownFileType = sourcecode.swift; path = AppDelegate.swift; sourceTree = "<group>"; };
		220F2A8824137C9C0021B9EC /* SceneDelegate.swift */ = {isa = PBXFileReference; lastKnownFileType = sourcecode.swift; path = SceneDelegate.swift; sourceTree = "<group>"; };
		220F2A8A24137C9C0021B9EC /* ViewController.swift */ = {isa = PBXFileReference; lastKnownFileType = sourcecode.swift; path = ViewController.swift; sourceTree = "<group>"; };
		220F2A8F24137C9E0021B9EC /* Assets.xcassets */ = {isa = PBXFileReference; lastKnownFileType = folder.assetcatalog; path = Assets.xcassets; sourceTree = "<group>"; };
		220F2A9224137C9E0021B9EC /* Base */ = {isa = PBXFileReference; lastKnownFileType = file.storyboard; name = Base; path = Base.lproj/LaunchScreen.storyboard; sourceTree = "<group>"; };
		220F2A9424137C9E0021B9EC /* Info.plist */ = {isa = PBXFileReference; lastKnownFileType = text.plist.xml; path = Info.plist; sourceTree = "<group>"; };
		2222C8772413E197000BB764 /* Authentication.swift */ = {isa = PBXFileReference; lastKnownFileType = sourcecode.swift; path = Authentication.swift; sourceTree = "<group>"; };
		2222C8792413E83C000BB764 /* FireBaseDBManager.swift */ = {isa = PBXFileReference; lastKnownFileType = sourcecode.swift; path = FireBaseDBManager.swift; sourceTree = "<group>"; };
		22CD6E9E2413965800F164F8 /* SignupViewController.swift */ = {isa = PBXFileReference; lastKnownFileType = sourcecode.swift; path = SignupViewController.swift; sourceTree = "<group>"; };
		22CD6EA02413B58200F164F8 /* SignInViewController.swift */ = {isa = PBXFileReference; lastKnownFileType = sourcecode.swift; path = SignInViewController.swift; sourceTree = "<group>"; };
		22CD6EA22413BAC600F164F8 /* ForgotPasswordViewController.swift */ = {isa = PBXFileReference; lastKnownFileType = sourcecode.swift; path = ForgotPasswordViewController.swift; sourceTree = "<group>"; };
		22DA37092416663F004AAE47 /* FireBaseStorage.swift */ = {isa = PBXFileReference; lastKnownFileType = sourcecode.swift; path = FireBaseStorage.swift; sourceTree = "<group>"; };
		CE5817308F187CEC428DBE93 /* Pods-RealtimeChatAndTinderClone.debug.xcconfig */ = {isa = PBXFileReference; includeInIndex = 1; lastKnownFileType = text.xcconfig; name = "Pods-RealtimeChatAndTinderClone.debug.xcconfig"; path = "Target Support Files/Pods-RealtimeChatAndTinderClone/Pods-RealtimeChatAndTinderClone.debug.xcconfig"; sourceTree = "<group>"; };
		F5FD27552768370052A74DE7 /* Pods-RealtimeChatAndTinderClone.release.xcconfig */ = {isa = PBXFileReference; includeInIndex = 1; lastKnownFileType = text.xcconfig; name = "Pods-RealtimeChatAndTinderClone.release.xcconfig"; path = "Target Support Files/Pods-RealtimeChatAndTinderClone/Pods-RealtimeChatAndTinderClone.release.xcconfig"; sourceTree = "<group>"; };
		FA5F90EB2FE574D47F0ECA85 /* Pods_RealtimeChatAndTinderClone.framework */ = {isa = PBXFileReference; explicitFileType = wrapper.framework; includeInIndex = 0; path = Pods_RealtimeChatAndTinderClone.framework; sourceTree = BUILT_PRODUCTS_DIR; };
/* End PBXFileReference section */

/* Begin PBXFrameworksBuildPhase section */
		220F2A8024137C9C0021B9EC /* Frameworks */ = {
			isa = PBXFrameworksBuildPhase;
			buildActionMask = 2147483647;
			files = (
				1B1E0AF37D7DD0774BB3CCEA /* Pods_RealtimeChatAndTinderClone.framework in Frameworks */,
			);
			runOnlyForDeploymentPostprocessing = 0;
		};
/* End PBXFrameworksBuildPhase section */

/* Begin PBXGroup section */
		220F2A7A24137C9C0021B9EC = {
			isa = PBXGroup;
			children = (
				220F2A8524137C9C0021B9EC /* RealtimeChatAndTinderClone */,
				220F2A8424137C9C0021B9EC /* Products */,
				9782C1BD6D4C3F7FF1383632 /* Pods */,
				6F01132B7236E3B854FCC8B8 /* Frameworks */,
			);
			sourceTree = "<group>";
		};
		220F2A8424137C9C0021B9EC /* Products */ = {
			isa = PBXGroup;
			children = (
				220F2A8324137C9C0021B9EC /* RealtimeChatAndTinderClone.app */,
			);
			name = Products;
			sourceTree = "<group>";
		};
		220F2A8524137C9C0021B9EC /* RealtimeChatAndTinderClone */ = {
			isa = PBXGroup;
			children = (
				2222C8762413E175000BB764 /* Services */,
				220F2A8624137C9C0021B9EC /* AppDelegate.swift */,
				220F2A8824137C9C0021B9EC /* SceneDelegate.swift */,
				220F2A8A24137C9C0021B9EC /* ViewController.swift */,
				220F2A8F24137C9E0021B9EC /* Assets.xcassets */,
				220F2A9124137C9E0021B9EC /* LaunchScreen.storyboard */,
				220F2A9424137C9E0021B9EC /* Info.plist */,
				22CD6E9E2413965800F164F8 /* SignupViewController.swift */,
				22CD6EA02413B58200F164F8 /* SignInViewController.swift */,
				22CD6EA22413BAC600F164F8 /* ForgotPasswordViewController.swift */,
				220376942413CC7800AFED19 /* GoogleService-Info.plist */,
			);
			path = RealtimeChatAndTinderClone;
			sourceTree = "<group>";
		};
		2222C8762413E175000BB764 /* Services */ = {
			isa = PBXGroup;
			children = (
				2222C8772413E197000BB764 /* Authentication.swift */,
				2222C8792413E83C000BB764 /* FireBaseDBManager.swift */,
				22DA37092416663F004AAE47 /* FireBaseStorage.swift */,
			);
			path = Services;
			sourceTree = "<group>";
		};
		6F01132B7236E3B854FCC8B8 /* Frameworks */ = {
			isa = PBXGroup;
			children = (
				FA5F90EB2FE574D47F0ECA85 /* Pods_RealtimeChatAndTinderClone.framework */,
			);
			name = Frameworks;
			sourceTree = "<group>";
		};
		9782C1BD6D4C3F7FF1383632 /* Pods */ = {
			isa = PBXGroup;
			children = (
				CE5817308F187CEC428DBE93 /* Pods-RealtimeChatAndTinderClone.debug.xcconfig */,
				F5FD27552768370052A74DE7 /* Pods-RealtimeChatAndTinderClone.release.xcconfig */,
			);
			path = Pods;
			sourceTree = "<group>";
		};
/* End PBXGroup section */

/* Begin PBXNativeTarget section */
		220F2A8224137C9C0021B9EC /* RealtimeChatAndTinderClone */ = {
			isa = PBXNativeTarget;
			buildConfigurationList = 220F2A9724137C9E0021B9EC /* Build configuration list for PBXNativeTarget "RealtimeChatAndTinderClone" */;
			buildPhases = (
				C39F354BEC2F02D0AFCEE30C /* [CP] Check Pods Manifest.lock */,
				220F2A7F24137C9C0021B9EC /* Sources */,
				220F2A8024137C9C0021B9EC /* Frameworks */,
				220F2A8124137C9C0021B9EC /* Resources */,
				FA196D90161DF050C99C51FD /* [CP] Embed Pods Frameworks */,
			);
			buildRules = (
			);
			dependencies = (
			);
			name = RealtimeChatAndTinderClone;
			productName = RealtimeChatAndTinderClone;
			productReference = 220F2A8324137C9C0021B9EC /* RealtimeChatAndTinderClone.app */;
			productType = "com.apple.product-type.application";
		};
/* End PBXNativeTarget section */

/* Begin PBXProject section */
		220F2A7B24137C9C0021B9EC /* Project object */ = {
			isa = PBXProject;
			attributes = {
				LastSwiftUpdateCheck = 1130;
				LastUpgradeCheck = 1130;
				ORGANIZATIONNAME = "Ravi Bastola";
				TargetAttributes = {
					220F2A8224137C9C0021B9EC = {
						CreatedOnToolsVersion = 11.3.1;
					};
				};
			};
			buildConfigurationList = 220F2A7E24137C9C0021B9EC /* Build configuration list for PBXProject "RealtimeChatAndTinderClone" */;
			compatibilityVersion = "Xcode 9.3";
			developmentRegion = en;
			hasScannedForEncodings = 0;
			knownRegions = (
				en,
				Base,
			);
			mainGroup = 220F2A7A24137C9C0021B9EC;
			productRefGroup = 220F2A8424137C9C0021B9EC /* Products */;
			projectDirPath = "";
			projectRoot = "";
			targets = (
				220F2A8224137C9C0021B9EC /* RealtimeChatAndTinderClone */,
			);
		};
/* End PBXProject section */

/* Begin PBXResourcesBuildPhase section */
		220F2A8124137C9C0021B9EC /* Resources */ = {
			isa = PBXResourcesBuildPhase;
			buildActionMask = 2147483647;
			files = (
				220F2A9324137C9E0021B9EC /* LaunchScreen.storyboard in Resources */,
				220F2A9024137C9E0021B9EC /* Assets.xcassets in Resources */,
				220376952413CC7800AFED19 /* GoogleService-Info.plist in Resources */,
			);
			runOnlyForDeploymentPostprocessing = 0;
		};
/* End PBXResourcesBuildPhase section */

/* Begin PBXShellScriptBuildPhase section */
		C39F354BEC2F02D0AFCEE30C /* [CP] Check Pods Manifest.lock */ = {
			isa = PBXShellScriptBuildPhase;
			buildActionMask = 2147483647;
			files = (
			);
			inputFileListPaths = (
			);
			inputPaths = (
				"${PODS_PODFILE_DIR_PATH}/Podfile.lock",
				"${PODS_ROOT}/Manifest.lock",
			);
			name = "[CP] Check Pods Manifest.lock";
			outputFileListPaths = (
			);
			outputPaths = (
				"$(DERIVED_FILE_DIR)/Pods-RealtimeChatAndTinderClone-checkManifestLockResult.txt",
			);
			runOnlyForDeploymentPostprocessing = 0;
			shellPath = /bin/sh;
			shellScript = "diff \"${PODS_PODFILE_DIR_PATH}/Podfile.lock\" \"${PODS_ROOT}/Manifest.lock\" > /dev/null\nif [ $? != 0 ] ; then\n    # print error to STDERR\n    echo \"error: The sandbox is not in sync with the Podfile.lock. Run 'pod install' or update your CocoaPods installation.\" >&2\n    exit 1\nfi\n# This output is used by Xcode 'outputs' to avoid re-running this script phase.\necho \"SUCCESS\" > \"${SCRIPT_OUTPUT_FILE_0}\"\n";
			showEnvVarsInLog = 0;
		};
		FA196D90161DF050C99C51FD /* [CP] Embed Pods Frameworks */ = {
			isa = PBXShellScriptBuildPhase;
			buildActionMask = 2147483647;
			files = (
			);
			inputFileListPaths = (
				"${PODS_ROOT}/Target Support Files/Pods-RealtimeChatAndTinderClone/Pods-RealtimeChatAndTinderClone-frameworks-${CONFIGURATION}-input-files.xcfilelist",
			);
			name = "[CP] Embed Pods Frameworks";
			outputFileListPaths = (
				"${PODS_ROOT}/Target Support Files/Pods-RealtimeChatAndTinderClone/Pods-RealtimeChatAndTinderClone-frameworks-${CONFIGURATION}-output-files.xcfilelist",
			);
			runOnlyForDeploymentPostprocessing = 0;
			shellPath = /bin/sh;
			shellScript = "\"${PODS_ROOT}/Target Support Files/Pods-RealtimeChatAndTinderClone/Pods-RealtimeChatAndTinderClone-frameworks.sh\"\n";
			showEnvVarsInLog = 0;
		};
/* End PBXShellScriptBuildPhase section */

/* Begin PBXSourcesBuildPhase section */
		220F2A7F24137C9C0021B9EC /* Sources */ = {
			isa = PBXSourcesBuildPhase;
			buildActionMask = 2147483647;
			files = (
				2222C8782413E197000BB764 /* Authentication.swift in Sources */,
				220F2A8B24137C9C0021B9EC /* ViewController.swift in Sources */,
				22DA370A2416663F004AAE47 /* FireBaseStorage.swift in Sources */,
				220F2A8724137C9C0021B9EC /* AppDelegate.swift in Sources */,
				2222C87A2413E83C000BB764 /* FireBaseDBManager.swift in Sources */,
				22CD6EA32413BAC600F164F8 /* ForgotPasswordViewController.swift in Sources */,
				22CD6E9F2413965800F164F8 /* SignupViewController.swift in Sources */,
				22CD6EA12413B58200F164F8 /* SignInViewController.swift in Sources */,
				220F2A8924137C9C0021B9EC /* SceneDelegate.swift in Sources */,
			);
			runOnlyForDeploymentPostprocessing = 0;
		};
/* End PBXSourcesBuildPhase section */

/* Begin PBXVariantGroup section */
		220F2A9124137C9E0021B9EC /* LaunchScreen.storyboard */ = {
			isa = PBXVariantGroup;
			children = (
				220F2A9224137C9E0021B9EC /* Base */,
			);
			name = LaunchScreen.storyboard;
			sourceTree = "<group>";
		};
/* End PBXVariantGroup section */

/* Begin XCBuildConfiguration section */
		220F2A9524137C9E0021B9EC /* Debug */ = {
			isa = XCBuildConfiguration;
			buildSettings = {
				ALWAYS_SEARCH_USER_PATHS = NO;
				CLANG_ANALYZER_NONNULL = YES;
				CLANG_ANALYZER_NUMBER_OBJECT_CONVERSION = YES_AGGRESSIVE;
				CLANG_CXX_LANGUAGE_STANDARD = "gnu++14";
				CLANG_CXX_LIBRARY = "libc++";
				CLANG_ENABLE_MODULES = YES;
				CLANG_ENABLE_OBJC_ARC = YES;
				CLANG_ENABLE_OBJC_WEAK = YES;
				CLANG_WARN_BLOCK_CAPTURE_AUTORELEASING = YES;
				CLANG_WARN_BOOL_CONVERSION = YES;
				CLANG_WARN_COMMA = YES;
				CLANG_WARN_CONSTANT_CONVERSION = YES;
				CLANG_WARN_DEPRECATED_OBJC_IMPLEMENTATIONS = YES;
				CLANG_WARN_DIRECT_OBJC_ISA_USAGE = YES_ERROR;
				CLANG_WARN_DOCUMENTATION_COMMENTS = YES;
				CLANG_WARN_EMPTY_BODY = YES;
				CLANG_WARN_ENUM_CONVERSION = YES;
				CLANG_WARN_INFINITE_RECURSION = YES;
				CLANG_WARN_INT_CONVERSION = YES;
				CLANG_WARN_NON_LITERAL_NULL_CONVERSION = YES;
				CLANG_WARN_OBJC_IMPLICIT_RETAIN_SELF = YES;
				CLANG_WARN_OBJC_LITERAL_CONVERSION = YES;
				CLANG_WARN_OBJC_ROOT_CLASS = YES_ERROR;
				CLANG_WARN_RANGE_LOOP_ANALYSIS = YES;
				CLANG_WARN_STRICT_PROTOTYPES = YES;
				CLANG_WARN_SUSPICIOUS_MOVE = YES;
				CLANG_WARN_UNGUARDED_AVAILABILITY = YES_AGGRESSIVE;
				CLANG_WARN_UNREACHABLE_CODE = YES;
				CLANG_WARN__DUPLICATE_METHOD_MATCH = YES;
				COPY_PHASE_STRIP = NO;
				DEBUG_INFORMATION_FORMAT = dwarf;
				ENABLE_STRICT_OBJC_MSGSEND = YES;
				ENABLE_TESTABILITY = YES;
				GCC_C_LANGUAGE_STANDARD = gnu11;
				GCC_DYNAMIC_NO_PIC = NO;
				GCC_NO_COMMON_BLOCKS = YES;
				GCC_OPTIMIZATION_LEVEL = 0;
				GCC_PREPROCESSOR_DEFINITIONS = (
					"DEBUG=1",
					"$(inherited)",
				);
				GCC_WARN_64_TO_32_BIT_CONVERSION = YES;
				GCC_WARN_ABOUT_RETURN_TYPE = YES_ERROR;
				GCC_WARN_UNDECLARED_SELECTOR = YES;
				GCC_WARN_UNINITIALIZED_AUTOS = YES_AGGRESSIVE;
				GCC_WARN_UNUSED_FUNCTION = YES;
				GCC_WARN_UNUSED_VARIABLE = YES;
				IPHONEOS_DEPLOYMENT_TARGET = 13.2;
				MTL_ENABLE_DEBUG_INFO = INCLUDE_SOURCE;
				MTL_FAST_MATH = YES;
				ONLY_ACTIVE_ARCH = YES;
				SDKROOT = iphoneos;
				SWIFT_ACTIVE_COMPILATION_CONDITIONS = DEBUG;
				SWIFT_OPTIMIZATION_LEVEL = "-Onone";
			};
			name = Debug;
		};
		220F2A9624137C9E0021B9EC /* Release */ = {
			isa = XCBuildConfiguration;
			buildSettings = {
				ALWAYS_SEARCH_USER_PATHS = NO;
				CLANG_ANALYZER_NONNULL = YES;
				CLANG_ANALYZER_NUMBER_OBJECT_CONVERSION = YES_AGGRESSIVE;
				CLANG_CXX_LANGUAGE_STANDARD = "gnu++14";
				CLANG_CXX_LIBRARY = "libc++";
				CLANG_ENABLE_MODULES = YES;
				CLANG_ENABLE_OBJC_ARC = YES;
				CLANG_ENABLE_OBJC_WEAK = YES;
				CLANG_WARN_BLOCK_CAPTURE_AUTORELEASING = YES;
				CLANG_WARN_BOOL_CONVERSION = YES;
				CLANG_WARN_COMMA = YES;
				CLANG_WARN_CONSTANT_CONVERSION = YES;
				CLANG_WARN_DEPRECATED_OBJC_IMPLEMENTATIONS = YES;
				CLANG_WARN_DIRECT_OBJC_ISA_USAGE = YES_ERROR;
				CLANG_WARN_DOCUMENTATION_COMMENTS = YES;
				CLANG_WARN_EMPTY_BODY = YES;
				CLANG_WARN_ENUM_CONVERSION = YES;
				CLANG_WARN_INFINITE_RECURSION = YES;
				CLANG_WARN_INT_CONVERSION = YES;
				CLANG_WARN_NON_LITERAL_NULL_CONVERSION = YES;
				CLANG_WARN_OBJC_IMPLICIT_RETAIN_SELF = YES;
				CLANG_WARN_OBJC_LITERAL_CONVERSION = YES;
				CLANG_WARN_OBJC_ROOT_CLASS = YES_ERROR;
				CLANG_WARN_RANGE_LOOP_ANALYSIS = YES;
				CLANG_WARN_STRICT_PROTOTYPES = YES;
				CLANG_WARN_SUSPICIOUS_MOVE = YES;
				CLANG_WARN_UNGUARDED_AVAILABILITY = YES_AGGRESSIVE;
				CLANG_WARN_UNREACHABLE_CODE = YES;
				CLANG_WARN__DUPLICATE_METHOD_MATCH = YES;
				COPY_PHASE_STRIP = NO;
				DEBUG_INFORMATION_FORMAT = "dwarf-with-dsym";
				ENABLE_NS_ASSERTIONS = NO;
				ENABLE_STRICT_OBJC_MSGSEND = YES;
				GCC_C_LANGUAGE_STANDARD = gnu11;
				GCC_NO_COMMON_BLOCKS = YES;
				GCC_WARN_64_TO_32_BIT_CONVERSION = YES;
				GCC_WARN_ABOUT_RETURN_TYPE = YES_ERROR;
				GCC_WARN_UNDECLARED_SELECTOR = YES;
				GCC_WARN_UNINITIALIZED_AUTOS = YES_AGGRESSIVE;
				GCC_WARN_UNUSED_FUNCTION = YES;
				GCC_WARN_UNUSED_VARIABLE = YES;
				IPHONEOS_DEPLOYMENT_TARGET = 13.2;
				MTL_ENABLE_DEBUG_INFO = NO;
				MTL_FAST_MATH = YES;
				SDKROOT = iphoneos;
				SWIFT_COMPILATION_MODE = wholemodule;
				SWIFT_OPTIMIZATION_LEVEL = "-O";
				VALIDATE_PRODUCT = YES;
			};
			name = Release;
		};
		220F2A9824137C9E0021B9EC /* Debug */ = {
			isa = XCBuildConfiguration;
			baseConfigurationReference = CE5817308F187CEC428DBE93 /* Pods-RealtimeChatAndTinderClone.debug.xcconfig */;
			buildSettings = {
				ASSETCATALOG_COMPILER_APPICON_NAME = AppIcon;
				CODE_SIGN_STYLE = Automatic;
				INFOPLIST_FILE = RealtimeChatAndTinderClone/Info.plist;
				LD_RUNPATH_SEARCH_PATHS = (
					"$(inherited)",
					"@executable_path/Frameworks",
				);
				PRODUCT_BUNDLE_IDENTIFIER = Ravi.RealtimeChatAndTinderClone;
				PRODUCT_NAME = "$(TARGET_NAME)";
				SWIFT_VERSION = 5.0;
				TARGETED_DEVICE_FAMILY = "1,2";
			};
			name = Debug;
		};
		220F2A9924137C9E0021B9EC /* Release */ = {
			isa = XCBuildConfiguration;
			baseConfigurationReference = F5FD27552768370052A74DE7 /* Pods-RealtimeChatAndTinderClone.release.xcconfig */;
			buildSettings = {
				ASSETCATALOG_COMPILER_APPICON_NAME = AppIcon;
				CODE_SIGN_STYLE = Automatic;
				INFOPLIST_FILE = RealtimeChatAndTinderClone/Info.plist;
				LD_RUNPATH_SEARCH_PATHS = (
					"$(inherited)",
					"@executable_path/Frameworks",
				);
				PRODUCT_BUNDLE_IDENTIFIER = Ravi.RealtimeChatAndTinderClone;
				PRODUCT_NAME = "$(TARGET_NAME)";
				SWIFT_VERSION = 5.0;
				TARGETED_DEVICE_FAMILY = "1,2";
			};
			name = Release;
		};
/* End XCBuildConfiguration section */

/* Begin XCConfigurationList section */
		220F2A7E24137C9C0021B9EC /* Build configuration list for PBXProject "RealtimeChatAndTinderClone" */ = {
			isa = XCConfigurationList;
			buildConfigurations = (
				220F2A9524137C9E0021B9EC /* Debug */,
				220F2A9624137C9E0021B9EC /* Release */,
			);
			defaultConfigurationIsVisible = 0;
			defaultConfigurationName = Release;
		};
		220F2A9724137C9E0021B9EC /* Build configuration list for PBXNativeTarget "RealtimeChatAndTinderClone" */ = {
			isa = XCConfigurationList;
			buildConfigurations = (
				220F2A9824137C9E0021B9EC /* Debug */,
				220F2A9924137C9E0021B9EC /* Release */,
			);
			defaultConfigurationIsVisible = 0;
			defaultConfigurationName = Release;
		};
/* End XCConfigurationList section */
	};
	rootObject = 220F2A7B24137C9C0021B9EC /* Project object */;
}
